// !$*UTF8*$!
{
	archiveVersion = 1;
	classes = {
	};
	objectVersion = 56;
	objects = {

/* Begin PBXBuildFile section */
		1B2B11BD297872DA00FFC896 /* test.mp3 in Resources */ = {isa = PBXBuildFile; fileRef = 1B2B11BC297872DA00FFC896 /* test.mp3 */; };
		223CC5452969973A008D3F07 /* AlertManager.swift in Sources */ = {isa = PBXBuildFile; fileRef = 223CC54429699739008D3F07 /* AlertManager.swift */; };
		2244D32429460825001D772F /* AudioManager.swift in Sources */ = {isa = PBXBuildFile; fileRef = 2244D32329460825001D772F /* AudioManager.swift */; };
		22F3FA5E293BC26E006EC3B1 /* AppDelegate.swift in Sources */ = {isa = PBXBuildFile; fileRef = 22F3FA5D293BC26E006EC3B1 /* AppDelegate.swift */; };
		22F3FA60293BC26E006EC3B1 /* SceneDelegate.swift in Sources */ = {isa = PBXBuildFile; fileRef = 22F3FA5F293BC26E006EC3B1 /* SceneDelegate.swift */; };
		22F3FA67293BC272006EC3B1 /* Assets.xcassets in Resources */ = {isa = PBXBuildFile; fileRef = 22F3FA66293BC272006EC3B1 /* Assets.xcassets */; };
		22F3FA6A293BC272006EC3B1 /* LaunchScreen.storyboard in Resources */ = {isa = PBXBuildFile; fileRef = 22F3FA68293BC272006EC3B1 /* LaunchScreen.storyboard */; };
		22F3FA7B293BC55F006EC3B1 /* StartViewController.swift in Sources */ = {isa = PBXBuildFile; fileRef = 22F3FA7A293BC55F006EC3B1 /* StartViewController.swift */; };
		22F3FA7D293BC56C006EC3B1 /* StartPresenter.swift in Sources */ = {isa = PBXBuildFile; fileRef = 22F3FA7C293BC56C006EC3B1 /* StartPresenter.swift */; };
		22F3FA7F293BC579006EC3B1 /* MainViewController.swift in Sources */ = {isa = PBXBuildFile; fileRef = 22F3FA7E293BC579006EC3B1 /* MainViewController.swift */; };
		22F3FA81293BC584006EC3B1 /* MainPresenter.swift in Sources */ = {isa = PBXBuildFile; fileRef = 22F3FA80293BC584006EC3B1 /* MainPresenter.swift */; };
		22F3FA83293BC681006EC3B1 /* SceneBuildManager.swift in Sources */ = {isa = PBXBuildFile; fileRef = 22F3FA82293BC681006EC3B1 /* SceneBuildManager.swift */; };
		22F3FA85293BCA5B006EC3B1 /* UserDefaultManager.swift in Sources */ = {isa = PBXBuildFile; fileRef = 22F3FA84293BCA5B006EC3B1 /* UserDefaultManager.swift */; };
		22F3FA87293BCE02006EC3B1 /* UIView.swift in Sources */ = {isa = PBXBuildFile; fileRef = 22F3FA86293BCE02006EC3B1 /* UIView.swift */; };
/* End PBXBuildFile section */

/* Begin PBXFileReference section */
		1B2B11BC297872DA00FFC896 /* test.mp3 */ = {isa = PBXFileReference; lastKnownFileType = audio.mp3; name = test.mp3; path = ../../../../Downloads/test.mp3; sourceTree = "<group>"; };
		223CC54429699739008D3F07 /* AlertManager.swift */ = {isa = PBXFileReference; fileEncoding = 4; lastKnownFileType = sourcecode.swift; path = AlertManager.swift; sourceTree = "<group>"; };
		2244D32329460825001D772F /* AudioManager.swift */ = {isa = PBXFileReference; lastKnownFileType = sourcecode.swift; path = AudioManager.swift; sourceTree = "<group>"; };
		22F3FA5A293BC26E006EC3B1 /* Just Click!.app */ = {isa = PBXFileReference; explicitFileType = wrapper.application; includeInIndex = 0; path = "Just Click!.app"; sourceTree = BUILT_PRODUCTS_DIR; };
		22F3FA5D293BC26E006EC3B1 /* AppDelegate.swift */ = {isa = PBXFileReference; lastKnownFileType = sourcecode.swift; path = AppDelegate.swift; sourceTree = "<group>"; };
		22F3FA5F293BC26E006EC3B1 /* SceneDelegate.swift */ = {isa = PBXFileReference; lastKnownFileType = sourcecode.swift; path = SceneDelegate.swift; sourceTree = "<group>"; };
		22F3FA66293BC272006EC3B1 /* Assets.xcassets */ = {isa = PBXFileReference; lastKnownFileType = folder.assetcatalog; path = Assets.xcassets; sourceTree = "<group>"; };
		22F3FA69293BC272006EC3B1 /* Base */ = {isa = PBXFileReference; lastKnownFileType = file.storyboard; name = Base; path = Base.lproj/LaunchScreen.storyboard; sourceTree = "<group>"; };
		22F3FA6B293BC272006EC3B1 /* Info.plist */ = {isa = PBXFileReference; lastKnownFileType = text.plist.xml; path = Info.plist; sourceTree = "<group>"; };
		22F3FA7A293BC55F006EC3B1 /* StartViewController.swift */ = {isa = PBXFileReference; lastKnownFileType = sourcecode.swift; path = StartViewController.swift; sourceTree = "<group>"; };
		22F3FA7C293BC56C006EC3B1 /* StartPresenter.swift */ = {isa = PBXFileReference; lastKnownFileType = sourcecode.swift; path = StartPresenter.swift; sourceTree = "<group>"; };
		22F3FA7E293BC579006EC3B1 /* MainViewController.swift */ = {isa = PBXFileReference; lastKnownFileType = sourcecode.swift; path = MainViewController.swift; sourceTree = "<group>"; };
		22F3FA80293BC584006EC3B1 /* MainPresenter.swift */ = {isa = PBXFileReference; lastKnownFileType = sourcecode.swift; path = MainPresenter.swift; sourceTree = "<group>"; };
		22F3FA82293BC681006EC3B1 /* SceneBuildManager.swift */ = {isa = PBXFileReference; lastKnownFileType = sourcecode.swift; path = SceneBuildManager.swift; sourceTree = "<group>"; };
		22F3FA84293BCA5B006EC3B1 /* UserDefaultManager.swift */ = {isa = PBXFileReference; lastKnownFileType = sourcecode.swift; path = UserDefaultManager.swift; sourceTree = "<group>"; };
		22F3FA86293BCE02006EC3B1 /* UIView.swift */ = {isa = PBXFileReference; lastKnownFileType = sourcecode.swift; path = UIView.swift; sourceTree = "<group>"; };
/* End PBXFileReference section */

/* Begin PBXFrameworksBuildPhase section */
		22F3FA57293BC26E006EC3B1 /* Frameworks */ = {
			isa = PBXFrameworksBuildPhase;
			buildActionMask = 2147483647;
			files = (
			);
			runOnlyForDeploymentPostprocessing = 0;
		};
/* End PBXFrameworksBuildPhase section */

/* Begin PBXGroup section */
		22F3FA51293BC26E006EC3B1 = {
			isa = PBXGroup;
			children = (
				22F3FA5C293BC26E006EC3B1 /* ClickClickClick */,
				22F3FA5B293BC26E006EC3B1 /* Products */,
			);
			sourceTree = "<group>";
		};
		22F3FA5B293BC26E006EC3B1 /* Products */ = {
			isa = PBXGroup;
			children = (
				22F3FA5A293BC26E006EC3B1 /* Just Click!.app */,
			);
			name = Products;
			sourceTree = "<group>";
		};
		22F3FA5C293BC26E006EC3B1 /* ClickClickClick */ = {
			isa = PBXGroup;
			children = (
				22F3FA71293BC47E006EC3B1 /* Application */,
				22F3FA73293BC4B6006EC3B1 /* Core */,
				22F3FA77293BC505006EC3B1 /* Scenes */,
				22F3FA6B293BC272006EC3B1 /* Info.plist */,
			);
			path = ClickClickClick;
			sourceTree = "<group>";
		};
		22F3FA71293BC47E006EC3B1 /* Application */ = {
			isa = PBXGroup;
			children = (
				22F3FA5D293BC26E006EC3B1 /* AppDelegate.swift */,
				22F3FA5F293BC26E006EC3B1 /* SceneDelegate.swift */,
				22F3FA72293BC494006EC3B1 /* Resources */,
			);
			path = Application;
			sourceTree = "<group>";
		};
		22F3FA72293BC494006EC3B1 /* Resources */ = {
			isa = PBXGroup;
			children = (
				1B2B11BC297872DA00FFC896 /* test.mp3 */,
				22F3FA66293BC272006EC3B1 /* Assets.xcassets */,
				22F3FA68293BC272006EC3B1 /* LaunchScreen.storyboard */,
			);
			path = Resources;
			sourceTree = "<group>";
		};
		22F3FA73293BC4B6006EC3B1 /* Core */ = {
			isa = PBXGroup;
			children = (
				22F3FA76293BC4FD006EC3B1 /* Entities */,
				22F3FA75293BC4F3006EC3B1 /* Extension */,
				22F3FA74293BC4C7006EC3B1 /* Managers */,
			);
			path = Core;
			sourceTree = "<group>";
		};
		22F3FA74293BC4C7006EC3B1 /* Managers */ = {
			isa = PBXGroup;
			children = (
				223CC54429699739008D3F07 /* AlertManager.swift */,
				22F3FA82293BC681006EC3B1 /* SceneBuildManager.swift */,
				22F3FA84293BCA5B006EC3B1 /* UserDefaultManager.swift */,
				2244D32329460825001D772F /* AudioManager.swift */,
			);
			path = Managers;
			sourceTree = "<group>";
		};
		22F3FA75293BC4F3006EC3B1 /* Extension */ = {
			isa = PBXGroup;
			children = (
				22F3FA86293BCE02006EC3B1 /* UIView.swift */,
			);
			path = Extension;
			sourceTree = "<group>";
		};
		22F3FA76293BC4FD006EC3B1 /* Entities */ = {
			isa = PBXGroup;
			children = (
			);
			path = Entities;
			sourceTree = "<group>";
		};
		22F3FA77293BC505006EC3B1 /* Scenes */ = {
			isa = PBXGroup;
			children = (
				22F3FA78293BC512006EC3B1 /* Start */,
				22F3FA79293BC524006EC3B1 /* Main */,
			);
			path = Scenes;
			sourceTree = "<group>";
		};
		22F3FA78293BC512006EC3B1 /* Start */ = {
			isa = PBXGroup;
			children = (
				22F3FA7A293BC55F006EC3B1 /* StartViewController.swift */,
				22F3FA7C293BC56C006EC3B1 /* StartPresenter.swift */,
			);
			path = Start;
			sourceTree = "<group>";
		};
		22F3FA79293BC524006EC3B1 /* Main */ = {
			isa = PBXGroup;
			children = (
				22F3FA7E293BC579006EC3B1 /* MainViewController.swift */,
				22F3FA80293BC584006EC3B1 /* MainPresenter.swift */,
			);
			path = Main;
			sourceTree = "<group>";
		};
/* End PBXGroup section */

/* Begin PBXNativeTarget section */
		22F3FA59293BC26E006EC3B1 /* ClickClickClick */ = {
			isa = PBXNativeTarget;
			buildConfigurationList = 22F3FA6E293BC272006EC3B1 /* Build configuration list for PBXNativeTarget "ClickClickClick" */;
			buildPhases = (
				22F3FA56293BC26E006EC3B1 /* Sources */,
				22F3FA57293BC26E006EC3B1 /* Frameworks */,
				22F3FA58293BC26E006EC3B1 /* Resources */,
			);
			buildRules = (
			);
			dependencies = (
			);
			name = ClickClickClick;
			productName = ClickClickClick;
			productReference = 22F3FA5A293BC26E006EC3B1 /* Just Click!.app */;
			productType = "com.apple.product-type.application";
		};
/* End PBXNativeTarget section */

/* Begin PBXProject section */
		22F3FA52293BC26E006EC3B1 /* Project object */ = {
			isa = PBXProject;
			attributes = {
				BuildIndependentTargetsInParallel = 1;
				LastSwiftUpdateCheck = 1410;
				LastUpgradeCheck = 1410;
				TargetAttributes = {
					22F3FA59293BC26E006EC3B1 = {
						CreatedOnToolsVersion = 14.1;
					};
				};
			};
			buildConfigurationList = 22F3FA55293BC26E006EC3B1 /* Build configuration list for PBXProject "ClickClickClick" */;
			compatibilityVersion = "Xcode 14.0";
			developmentRegion = en;
			hasScannedForEncodings = 0;
			knownRegions = (
				en,
				Base,
			);
			mainGroup = 22F3FA51293BC26E006EC3B1;
			productRefGroup = 22F3FA5B293BC26E006EC3B1 /* Products */;
			projectDirPath = "";
			projectRoot = "";
			targets = (
				22F3FA59293BC26E006EC3B1 /* ClickClickClick */,
			);
		};
/* End PBXProject section */

/* Begin PBXResourcesBuildPhase section */
		22F3FA58293BC26E006EC3B1 /* Resources */ = {
			isa = PBXResourcesBuildPhase;
			buildActionMask = 2147483647;
			files = (
				22F3FA6A293BC272006EC3B1 /* LaunchScreen.storyboard in Resources */,
				22F3FA67293BC272006EC3B1 /* Assets.xcassets in Resources */,
				1B2B11BD297872DA00FFC896 /* test.mp3 in Resources */,
			);
			runOnlyForDeploymentPostprocessing = 0;
		};
/* End PBXResourcesBuildPhase section */

/* Begin PBXSourcesBuildPhase section */
		22F3FA56293BC26E006EC3B1 /* Sources */ = {
			isa = PBXSourcesBuildPhase;
			buildActionMask = 2147483647;
			files = (
				22F3FA83293BC681006EC3B1 /* SceneBuildManager.swift in Sources */,
				223CC5452969973A008D3F07 /* AlertManager.swift in Sources */,
				22F3FA5E293BC26E006EC3B1 /* AppDelegate.swift in Sources */,
				22F3FA85293BCA5B006EC3B1 /* UserDefaultManager.swift in Sources */,
				22F3FA81293BC584006EC3B1 /* MainPresenter.swift in Sources */,
				22F3FA7D293BC56C006EC3B1 /* StartPresenter.swift in Sources */,
				22F3FA60293BC26E006EC3B1 /* SceneDelegate.swift in Sources */,
				22F3FA7B293BC55F006EC3B1 /* StartViewController.swift in Sources */,
				22F3FA87293BCE02006EC3B1 /* UIView.swift in Sources */,
				2244D32429460825001D772F /* AudioManager.swift in Sources */,
				22F3FA7F293BC579006EC3B1 /* MainViewController.swift in Sources */,
			);
			runOnlyForDeploymentPostprocessing = 0;
		};
/* End PBXSourcesBuildPhase section */

/* Begin PBXVariantGroup section */
		22F3FA68293BC272006EC3B1 /* LaunchScreen.storyboard */ = {
			isa = PBXVariantGroup;
			children = (
				22F3FA69293BC272006EC3B1 /* Base */,
			);
			name = LaunchScreen.storyboard;
			sourceTree = "<group>";
		};
/* End PBXVariantGroup section */

/* Begin XCBuildConfiguration section */
		22F3FA6C293BC272006EC3B1 /* Debug */ = {
			isa = XCBuildConfiguration;
			buildSettings = {
				ALWAYS_SEARCH_USER_PATHS = NO;
				CLANG_ANALYZER_NONNULL = YES;
				CLANG_ANALYZER_NUMBER_OBJECT_CONVERSION = YES_AGGRESSIVE;
				CLANG_CXX_LANGUAGE_STANDARD = "gnu++20";
				CLANG_ENABLE_MODULES = YES;
				CLANG_ENABLE_OBJC_ARC = YES;
				CLANG_ENABLE_OBJC_WEAK = YES;
				CLANG_WARN_BLOCK_CAPTURE_AUTORELEASING = YES;
				CLANG_WARN_BOOL_CONVERSION = YES;
				CLANG_WARN_COMMA = YES;
				CLANG_WARN_CONSTANT_CONVERSION = YES;
				CLANG_WARN_DEPRECATED_OBJC_IMPLEMENTATIONS = YES;
				CLANG_WARN_DIRECT_OBJC_ISA_USAGE = YES_ERROR;
				CLANG_WARN_DOCUMENTATION_COMMENTS = YES;
				CLANG_WARN_EMPTY_BODY = YES;
				CLANG_WARN_ENUM_CONVERSION = YES;
				CLANG_WARN_INFINITE_RECURSION = YES;
				CLANG_WARN_INT_CONVERSION = YES;
				CLANG_WARN_NON_LITERAL_NULL_CONVERSION = YES;
				CLANG_WARN_OBJC_IMPLICIT_RETAIN_SELF = YES;
				CLANG_WARN_OBJC_LITERAL_CONVERSION = YES;
				CLANG_WARN_OBJC_ROOT_CLASS = YES_ERROR;
				CLANG_WARN_QUOTED_INCLUDE_IN_FRAMEWORK_HEADER = YES;
				CLANG_WARN_RANGE_LOOP_ANALYSIS = YES;
				CLANG_WARN_STRICT_PROTOTYPES = YES;
				CLANG_WARN_SUSPICIOUS_MOVE = YES;
				CLANG_WARN_UNGUARDED_AVAILABILITY = YES_AGGRESSIVE;
				CLANG_WARN_UNREACHABLE_CODE = YES;
				CLANG_WARN__DUPLICATE_METHOD_MATCH = YES;
				COPY_PHASE_STRIP = NO;
				DEBUG_INFORMATION_FORMAT = dwarf;
				ENABLE_STRICT_OBJC_MSGSEND = YES;
				ENABLE_TESTABILITY = YES;
				GCC_C_LANGUAGE_STANDARD = gnu11;
				GCC_DYNAMIC_NO_PIC = NO;
				GCC_NO_COMMON_BLOCKS = YES;
				GCC_OPTIMIZATION_LEVEL = 0;
				GCC_PREPROCESSOR_DEFINITIONS = (
					"DEBUG=1",
					"$(inherited)",
				);
				GCC_WARN_64_TO_32_BIT_CONVERSION = YES;
				GCC_WARN_ABOUT_RETURN_TYPE = YES_ERROR;
				GCC_WARN_UNDECLARED_SELECTOR = YES;
				GCC_WARN_UNINITIALIZED_AUTOS = YES_AGGRESSIVE;
				GCC_WARN_UNUSED_FUNCTION = YES;
				GCC_WARN_UNUSED_VARIABLE = YES;
				IPHONEOS_DEPLOYMENT_TARGET = 14.0;
				MTL_ENABLE_DEBUG_INFO = INCLUDE_SOURCE;
				MTL_FAST_MATH = YES;
				ONLY_ACTIVE_ARCH = YES;
				SDKROOT = iphoneos;
				SWIFT_ACTIVE_COMPILATION_CONDITIONS = DEBUG;
				SWIFT_OPTIMIZATION_LEVEL = "-Onone";
			};
			name = Debug;
		};
		22F3FA6D293BC272006EC3B1 /* Release */ = {
			isa = XCBuildConfiguration;
			buildSettings = {
				ALWAYS_SEARCH_USER_PATHS = NO;
				CLANG_ANALYZER_NONNULL = YES;
				CLANG_ANALYZER_NUMBER_OBJECT_CONVERSION = YES_AGGRESSIVE;
				CLANG_CXX_LANGUAGE_STANDARD = "gnu++20";
				CLANG_ENABLE_MODULES = YES;
				CLANG_ENABLE_OBJC_ARC = YES;
				CLANG_ENABLE_OBJC_WEAK = YES;
				CLANG_WARN_BLOCK_CAPTURE_AUTORELEASING = YES;
				CLANG_WARN_BOOL_CONVERSION = YES;
				CLANG_WARN_COMMA = YES;
				CLANG_WARN_CONSTANT_CONVERSION = YES;
				CLANG_WARN_DEPRECATED_OBJC_IMPLEMENTATIONS = YES;
				CLANG_WARN_DIRECT_OBJC_ISA_USAGE = YES_ERROR;
				CLANG_WARN_DOCUMENTATION_COMMENTS = YES;
				CLANG_WARN_EMPTY_BODY = YES;
				CLANG_WARN_ENUM_CONVERSION = YES;
				CLANG_WARN_INFINITE_RECURSION = YES;
				CLANG_WARN_INT_CONVERSION = YES;
				CLANG_WARN_NON_LITERAL_NULL_CONVERSION = YES;
				CLANG_WARN_OBJC_IMPLICIT_RETAIN_SELF = YES;
				CLANG_WARN_OBJC_LITERAL_CONVERSION = YES;
				CLANG_WARN_OBJC_ROOT_CLASS = YES_ERROR;
				CLANG_WARN_QUOTED_INCLUDE_IN_FRAMEWORK_HEADER = YES;
				CLANG_WARN_RANGE_LOOP_ANALYSIS = YES;
				CLANG_WARN_STRICT_PROTOTYPES = YES;
				CLANG_WARN_SUSPICIOUS_MOVE = YES;
				CLANG_WARN_UNGUARDED_AVAILABILITY = YES_AGGRESSIVE;
				CLANG_WARN_UNREACHABLE_CODE = YES;
				CLANG_WARN__DUPLICATE_METHOD_MATCH = YES;
				COPY_PHASE_STRIP = NO;
				DEBUG_INFORMATION_FORMAT = "dwarf-with-dsym";
				ENABLE_NS_ASSERTIONS = NO;
				ENABLE_STRICT_OBJC_MSGSEND = YES;
				GCC_C_LANGUAGE_STANDARD = gnu11;
				GCC_NO_COMMON_BLOCKS = YES;
				GCC_WARN_64_TO_32_BIT_CONVERSION = YES;
				GCC_WARN_ABOUT_RETURN_TYPE = YES_ERROR;
				GCC_WARN_UNDECLARED_SELECTOR = YES;
				GCC_WARN_UNINITIALIZED_AUTOS = YES_AGGRESSIVE;
				GCC_WARN_UNUSED_FUNCTION = YES;
				GCC_WARN_UNUSED_VARIABLE = YES;
				IPHONEOS_DEPLOYMENT_TARGET = 14.0;
				MTL_ENABLE_DEBUG_INFO = NO;
				MTL_FAST_MATH = YES;
				SDKROOT = iphoneos;
				SWIFT_COMPILATION_MODE = wholemodule;
				SWIFT_OPTIMIZATION_LEVEL = "-O";
				VALIDATE_PRODUCT = YES;
			};
			name = Release;
		};
		22F3FA6F293BC272006EC3B1 /* Debug */ = {
			isa = XCBuildConfiguration;
			buildSettings = {
				ASSETCATALOG_COMPILER_APPICON_NAME = AppIcon;
				ASSETCATALOG_COMPILER_GLOBAL_ACCENT_COLOR_NAME = AccentColor;
				CODE_SIGN_STYLE = Automatic;
				CURRENT_PROJECT_VERSION = 1;
				DEVELOPMENT_TEAM = B22MD3V3UZ;
				GENERATE_INFOPLIST_FILE = YES;
				INFOPLIST_FILE = ClickClickClick/Info.plist;
				INFOPLIST_KEY_UIApplicationSupportsIndirectInputEvents = YES;
				INFOPLIST_KEY_UILaunchStoryboardName = LaunchScreen;
				INFOPLIST_KEY_UIRequiresFullScreen = YES;
				INFOPLIST_KEY_UISupportedInterfaceOrientations = UIInterfaceOrientationPortrait;
				INFOPLIST_KEY_UISupportedInterfaceOrientations_iPad = UIInterfaceOrientationPortrait;
				IPHONEOS_DEPLOYMENT_TARGET = 14.0;
				LD_RUNPATH_SEARCH_PATHS = (
					"$(inherited)",
					"@executable_path/Frameworks",
				);
				MARKETING_VERSION = 1.0;
				PRODUCT_BUNDLE_IDENTIFIER = com.MV23.JustClick;
				PRODUCT_NAME = "Just Click!";
				SUPPORTED_PLATFORMS = "iphoneos iphonesimulator";
				SUPPORTS_MACCATALYST = NO;
				SUPPORTS_MAC_DESIGNED_FOR_IPHONE_IPAD = NO;
				SWIFT_EMIT_LOC_STRINGS = YES;
				SWIFT_VERSION = 5.0;
				TARGETED_DEVICE_FAMILY = "1,2";
			};
			name = Debug;
		};
		22F3FA70293BC272006EC3B1 /* Release */ = {
			isa = XCBuildConfiguration;
			buildSettings = {
				ASSETCATALOG_COMPILER_APPICON_NAME = AppIcon;
				ASSETCATALOG_COMPILER_GLOBAL_ACCENT_COLOR_NAME = AccentColor;
				CODE_SIGN_STYLE = Automatic;
				CURRENT_PROJECT_VERSION = 1;
				DEVELOPMENT_TEAM = B22MD3V3UZ;
				GENERATE_INFOPLIST_FILE = YES;
				INFOPLIST_FILE = ClickClickClick/Info.plist;
				INFOPLIST_KEY_UIApplicationSupportsIndirectInputEvents = YES;
				INFOPLIST_KEY_UILaunchStoryboardName = LaunchScreen;
				INFOPLIST_KEY_UIRequiresFullScreen = YES;
				INFOPLIST_KEY_UISupportedInterfaceOrientations = UIInterfaceOrientationPortrait;
				INFOPLIST_KEY_UISupportedInterfaceOrientations_iPad = UIInterfaceOrientationPortrait;
				IPHONEOS_DEPLOYMENT_TARGET = 14.0;
				LD_RUNPATH_SEARCH_PATHS = (
					"$(inherited)",
					"@executable_path/Frameworks",
				);
				MARKETING_VERSION = 1.0;
				PRODUCT_BUNDLE_IDENTIFIER = com.MV23.JustClick;
				PRODUCT_NAME = "Just Click!";
				SUPPORTED_PLATFORMS = "iphoneos iphonesimulator";
				SUPPORTS_MACCATALYST = NO;
				SUPPORTS_MAC_DESIGNED_FOR_IPHONE_IPAD = NO;
				SWIFT_EMIT_LOC_STRINGS = YES;
				SWIFT_VERSION = 5.0;
				TARGETED_DEVICE_FAMILY = "1,2";
			};
			name = Release;
		};
/* End XCBuildConfiguration section */

/* Begin XCConfigurationList section */
		22F3FA55293BC26E006EC3B1 /* Build configuration list for PBXProject "ClickClickClick" */ = {
			isa = XCConfigurationList;
			buildConfigurations = (
				22F3FA6C293BC272006EC3B1 /* Debug */,
				22F3FA6D293BC272006EC3B1 /* Release */,
			);
			defaultConfigurationIsVisible = 0;
			defaultConfigurationName = Release;
		};
		22F3FA6E293BC272006EC3B1 /* Build configuration list for PBXNativeTarget "ClickClickClick" */ = {
			isa = XCConfigurationList;
			buildConfigurations = (
				22F3FA6F293BC272006EC3B1 /* Debug */,
				22F3FA70293BC272006EC3B1 /* Release */,
			);
			defaultConfigurationIsVisible = 0;
			defaultConfigurationName = Release;
		};
/* End XCConfigurationList section */
	};
	rootObject = 22F3FA52293BC26E006EC3B1 /* Project object */;
}
